
Microsoft Visual Studio Solution File, Format Version 12.00
# Visual Studio 14
VisualStudioVersion = 14.0.23107.0
MinimumVisualStudioVersion = 10.0.40219.1
Project("{FAE04EC0-301F-11D3-BF4B-00C04F79EFBC}") = "SyrahTest.Core", "Core\SyrahTest.Core.csproj", "{DB90C8FD-7654-4C66-8501-F24FC966CFB6}"
EndProject
Project("{FAE04EC0-301F-11D3-BF4B-00C04F79EFBC}") = "SyrahTest.Core.Tests", "Core.Tests\SyrahTest.Core.Tests.csproj", "{DE28B126-2CC5-45C0-839D-441230F43682}"
EndProject
Global
	GlobalSection(SolutionConfigurationPlatforms) = preSolution
		Debug|Any CPU = Debug|Any CPU
		Release|Any CPU = Release|Any CPU
	EndGlobalSection
	GlobalSection(ProjectConfigurationPlatforms) = postSolution
		{DB90C8FD-7654-4C66-8501-F24FC966CFB6}.Debug|Any CPU.ActiveCfg = Debug|Any CPU
		{DB90C8FD-7654-4C66-8501-F24FC966CFB6}.Debug|Any CPU.Build.0 = Debug|Any CPU
		{DB90C8FD-7654-4C66-8501-F24FC966CFB6}.Release|Any CPU.ActiveCfg = Release|Any CPU
		{DB90C8FD-7654-4C66-8501-F24FC966CFB6}.Release|Any CPU.Build.0 = Release|Any CPU
		{DE28B126-2CC5-45C0-839D-441230F43682}.Debug|Any CPU.ActiveCfg = Debug|Any CPU
		{DE28B126-2CC5-45C0-839D-441230F43682}.Debug|Any CPU.Build.0 = Debug|Any CPU
		{DE28B126-2CC5-45C0-839D-441230F43682}.Release|Any CPU.ActiveCfg = Release|Any CPU
		{DE28B126-2CC5-45C0-839D-441230F43682}.Release|Any CPU.Build.0 = Release|Any CPU
	EndGlobalSection
	GlobalSection(SolutionProperties) = preSolution
		HideSolutionNode = FALSE
	EndGlobalSection
EndGlobal
